
Microsoft Visual Studio Solution File, Format Version 12.00
# Visual Studio 2012
Project("{8BC9CEB8-8B4A-11D0-8D11-00A0C91BC942}") = "01_Introduction", "01_Introduction\01_Introduction.vcxproj", "{8C9DFACB-7262-49DF-B375-3666245FB586}"
EndProject
Project("{8BC9CEB8-8B4A-11D0-8D11-00A0C91BC942}") = "02_PhysicsAPI", "02_PhysicsAPI\02_PhysicsAPI.vcxproj", "{634AA40F-F7A3-438D-AD90-06E96DBCD836}"
EndProject
Project("{8BC9CEB8-8B4A-11D0-8D11-00A0C91BC942}") = "03_LinearForceMomentum", "03_LinearForceMomentum\03_LinearForceMomentum.vcxproj", "{6A5E752D-7817-444E-B163-B84F8F377C99}"
EndProject
Project("{8BC9CEB8-8B4A-11D0-8D11-00A0C91BC942}") = "12_Ragdoll", "12_Ragdoll\12_Ragdoll.vcxproj", "{BFFC8F15-DF9F-428E-A9D1-F30332745258}"
EndProject
Project("{8BC9CEB8-8B4A-11D0-8D11-00A0C91BC942}") = "16_SoftBodies", "16_SoftBodies\16_SoftBodies.vcxproj", "{BB9EB3CD-1501-4CA8-8876-CBC71BB433AB}"
EndProject
Global
	GlobalSection(SolutionConfigurationPlatforms) = preSolution
		Debug|Win32 = Debug|Win32
		Release|Win32 = Release|Win32
	EndGlobalSection
	GlobalSection(ProjectConfigurationPlatforms) = postSolution
		{8C9DFACB-7262-49DF-B375-3666245FB586}.Debug|Win32.ActiveCfg = Debug|Win32
		{8C9DFACB-7262-49DF-B375-3666245FB586}.Debug|Win32.Build.0 = Debug|Win32
		{8C9DFACB-7262-49DF-B375-3666245FB586}.Release|Win32.ActiveCfg = Release|Win32
		{8C9DFACB-7262-49DF-B375-3666245FB586}.Release|Win32.Build.0 = Release|Win32
		{634AA40F-F7A3-438D-AD90-06E96DBCD836}.Debug|Win32.ActiveCfg = Debug|Win32
		{634AA40F-F7A3-438D-AD90-06E96DBCD836}.Debug|Win32.Build.0 = Debug|Win32
		{634AA40F-F7A3-438D-AD90-06E96DBCD836}.Release|Win32.ActiveCfg = Release|Win32
		{634AA40F-F7A3-438D-AD90-06E96DBCD836}.Release|Win32.Build.0 = Release|Win32
		{6A5E752D-7817-444E-B163-B84F8F377C99}.Debug|Win32.ActiveCfg = Debug|Win32
		{6A5E752D-7817-444E-B163-B84F8F377C99}.Debug|Win32.Build.0 = Debug|Win32
		{6A5E752D-7817-444E-B163-B84F8F377C99}.Release|Win32.ActiveCfg = Release|Win32
		{6A5E752D-7817-444E-B163-B84F8F377C99}.Release|Win32.Build.0 = Release|Win32
		{BFFC8F15-DF9F-428E-A9D1-F30332745258}.Debug|Win32.ActiveCfg = Debug|Win32
		{BFFC8F15-DF9F-428E-A9D1-F30332745258}.Debug|Win32.Build.0 = Debug|Win32
		{BFFC8F15-DF9F-428E-A9D1-F30332745258}.Release|Win32.ActiveCfg = Release|Win32
		{BFFC8F15-DF9F-428E-A9D1-F30332745258}.Release|Win32.Build.0 = Release|Win32
		{BB9EB3CD-1501-4CA8-8876-CBC71BB433AB}.Debug|Win32.ActiveCfg = Debug|Win32
		{BB9EB3CD-1501-4CA8-8876-CBC71BB433AB}.Debug|Win32.Build.0 = Debug|Win32
		{BB9EB3CD-1501-4CA8-8876-CBC71BB433AB}.Release|Win32.ActiveCfg = Release|Win32
		{BB9EB3CD-1501-4CA8-8876-CBC71BB433AB}.Release|Win32.Build.0 = Release|Win32
	EndGlobalSection
	GlobalSection(SolutionProperties) = preSolution
		HideSolutionNode = FALSE
	EndGlobalSection
EndGlobal
